
Microsoft Visual Studio Solution File, Format Version 12.00
# Visual Studio 2015
Project("{FAE04EC0-301F-11D3-BF4B-00C04F79EFBC}") = "MazeTreasureHunt.CSharp.Plugins", "MazeTreasureHunt.CSharp.Plugins.csproj", "{80E86331-53E9-6D41-7ED7-4B21E006A83F}"
EndProject
Project("{FAE04EC0-301F-11D3-BF4B-00C04F79EFBC}") = "MazeTreasureHunt.CSharp", "MazeTreasureHunt.CSharp.csproj", "{1AEFC991-3B38-B6D3-1C6D-65FD7A624177}"
EndProject
Project("{FAE04EC0-301F-11D3-BF4B-00C04F79EFBC}") = "MazeTreasureHunt.CSharp.Editor", "MazeTreasureHunt.CSharp.Editor.csproj", "{9CA0FD39-EA71-CD08-FF06-D8999785AE19}"
EndProject
Global
	GlobalSection(SolutionConfigurationPlatforms) = preSolution
		Debug|Any CPU = Debug|Any CPU
		Release|Any CPU = Release|Any CPU
	EndGlobalSection
	GlobalSection(ProjectConfigurationPlatforms) = postSolution
		{80E86331-53E9-6D41-7ED7-4B21E006A83F}.Debug|Any CPU.ActiveCfg = Debug|Any CPU
		{80E86331-53E9-6D41-7ED7-4B21E006A83F}.Debug|Any CPU.Build.0 = Debug|Any CPU
		{80E86331-53E9-6D41-7ED7-4B21E006A83F}.Release|Any CPU.ActiveCfg = Release|Any CPU
		{80E86331-53E9-6D41-7ED7-4B21E006A83F}.Release|Any CPU.Build.0 = Release|Any CPU
		{1AEFC991-3B38-B6D3-1C6D-65FD7A624177}.Debug|Any CPU.ActiveCfg = Debug|Any CPU
		{1AEFC991-3B38-B6D3-1C6D-65FD7A624177}.Debug|Any CPU.Build.0 = Debug|Any CPU
		{1AEFC991-3B38-B6D3-1C6D-65FD7A624177}.Release|Any CPU.ActiveCfg = Release|Any CPU
		{1AEFC991-3B38-B6D3-1C6D-65FD7A624177}.Release|Any CPU.Build.0 = Release|Any CPU
		{9CA0FD39-EA71-CD08-FF06-D8999785AE19}.Debug|Any CPU.ActiveCfg = Debug|Any CPU
		{9CA0FD39-EA71-CD08-FF06-D8999785AE19}.Debug|Any CPU.Build.0 = Debug|Any CPU
		{9CA0FD39-EA71-CD08-FF06-D8999785AE19}.Release|Any CPU.ActiveCfg = Release|Any CPU
		{9CA0FD39-EA71-CD08-FF06-D8999785AE19}.Release|Any CPU.Build.0 = Release|Any CPU
	EndGlobalSection
	GlobalSection(SolutionProperties) = preSolution
		HideSolutionNode = FALSE
	EndGlobalSection
EndGlobal
