
Microsoft Visual Studio Solution File, Format Version 12.00
# Visual Studio 2015
Project("{FAE04EC0-301F-11D3-BF4B-00C04F79EFBC}") = "UdacityProject3.CSharp.Plugins", "UdacityProject3.CSharp.Plugins.csproj", "{5F31A5FF-0709-5E90-B6A9-930BFA29D5A8}"
EndProject
Project("{FAE04EC0-301F-11D3-BF4B-00C04F79EFBC}") = "UdacityProject3.CSharp", "UdacityProject3.CSharp.csproj", "{63C0EDD8-4290-831E-FAD3-F2E756050E50}"
EndProject
Project("{FAE04EC0-301F-11D3-BF4B-00C04F79EFBC}") = "UdacityProject3.CSharp.Editor", "UdacityProject3.CSharp.Editor.csproj", "{55C045F7-EB31-8670-3CE7-0280F4E875CE}"
EndProject
Global
	GlobalSection(SolutionConfigurationPlatforms) = preSolution
		Debug|Any CPU = Debug|Any CPU
		Release|Any CPU = Release|Any CPU
	EndGlobalSection
	GlobalSection(ProjectConfigurationPlatforms) = postSolution
		{5F31A5FF-0709-5E90-B6A9-930BFA29D5A8}.Debug|Any CPU.ActiveCfg = Debug|Any CPU
		{5F31A5FF-0709-5E90-B6A9-930BFA29D5A8}.Debug|Any CPU.Build.0 = Debug|Any CPU
		{5F31A5FF-0709-5E90-B6A9-930BFA29D5A8}.Release|Any CPU.ActiveCfg = Release|Any CPU
		{5F31A5FF-0709-5E90-B6A9-930BFA29D5A8}.Release|Any CPU.Build.0 = Release|Any CPU
		{63C0EDD8-4290-831E-FAD3-F2E756050E50}.Debug|Any CPU.ActiveCfg = Debug|Any CPU
		{63C0EDD8-4290-831E-FAD3-F2E756050E50}.Debug|Any CPU.Build.0 = Debug|Any CPU
		{63C0EDD8-4290-831E-FAD3-F2E756050E50}.Release|Any CPU.ActiveCfg = Release|Any CPU
		{63C0EDD8-4290-831E-FAD3-F2E756050E50}.Release|Any CPU.Build.0 = Release|Any CPU
		{55C045F7-EB31-8670-3CE7-0280F4E875CE}.Debug|Any CPU.ActiveCfg = Debug|Any CPU
		{55C045F7-EB31-8670-3CE7-0280F4E875CE}.Debug|Any CPU.Build.0 = Debug|Any CPU
		{55C045F7-EB31-8670-3CE7-0280F4E875CE}.Release|Any CPU.ActiveCfg = Release|Any CPU
		{55C045F7-EB31-8670-3CE7-0280F4E875CE}.Release|Any CPU.Build.0 = Release|Any CPU
	EndGlobalSection
	GlobalSection(SolutionProperties) = preSolution
		HideSolutionNode = FALSE
	EndGlobalSection
EndGlobal
